
Microsoft Visual Studio Solution File, Format Version 12.00
# Visual Studio Version 17
VisualStudioVersion = 17.13.35825.156
MinimumVisualStudioVersion = 10.0.40219.1
Project("{8BC9CEB8-8B4A-11D0-8D11-00A0C91BC942}") = "1", "1\1.vcxproj", "{CD08E03E-AA9B-4691-B2F1-A63197C89420}"
EndProject
Project("{FAE04EC0-301F-11D3-BF4B-00C04F79EFBC}") = "2", "2\2.csproj", "{5CE81930-2049-4E6F-9CCD-9C7DEC0D33A9}"
EndProject
Project("{8BC9CEB8-8B4A-11D0-8D11-00A0C91BC942}") = "3", "3\3.vcxproj", "{8DD5A458-448E-4F92-93A2-C35AF6D59921}"
EndProject
Project("{FAE04EC0-301F-11D3-BF4B-00C04F79EFBC}") = "4", "4\4.csproj", "{EA86B045-7B6D-498F-951F-45C5DE28E0B7}"
EndProject
Project("{FAE04EC0-301F-11D3-BF4B-00C04F79EFBC}") = "5", "5\5.csproj", "{D6A12F48-F24D-48AA-8B32-85037FA28E96}"
EndProject
Project("{8BC9CEB8-8B4A-11D0-8D11-00A0C91BC942}") = "6", "6\6.vcxproj", "{B74FB4B6-21E5-4E3A-8F9A-B98C3ABF6A9A}"
EndProject
Project("{FAE04EC0-301F-11D3-BF4B-00C04F79EFBC}") = "7", "7\7.csproj", "{2A3301F1-C60E-4DE3-8120-3A85DBA45D2D}"
EndProject
Project("{FAE04EC0-301F-11D3-BF4B-00C04F79EFBC}") = "7MP", "7Lib\7MP.csproj", "{0220ADCF-1F0F-4F0B-A32D-C68CCA8882D3}"
EndProject
Global
	GlobalSection(SolutionConfigurationPlatforms) = preSolution
		Debug|Any CPU = Debug|Any CPU
		Debug|x64 = Debug|x64
		Debug|x86 = Debug|x86
		Release|Any CPU = Release|Any CPU
		Release|x64 = Release|x64
		Release|x86 = Release|x86
	EndGlobalSection
	GlobalSection(ProjectConfigurationPlatforms) = postSolution
		{CD08E03E-AA9B-4691-B2F1-A63197C89420}.Debug|Any CPU.ActiveCfg = Debug|x64
		{CD08E03E-AA9B-4691-B2F1-A63197C89420}.Debug|Any CPU.Build.0 = Debug|x64
		{CD08E03E-AA9B-4691-B2F1-A63197C89420}.Debug|x64.ActiveCfg = Debug|x64
		{CD08E03E-AA9B-4691-B2F1-A63197C89420}.Debug|x64.Build.0 = Debug|x64
		{CD08E03E-AA9B-4691-B2F1-A63197C89420}.Debug|x86.ActiveCfg = Debug|Win32
		{CD08E03E-AA9B-4691-B2F1-A63197C89420}.Debug|x86.Build.0 = Debug|Win32
		{CD08E03E-AA9B-4691-B2F1-A63197C89420}.Release|Any CPU.ActiveCfg = Release|x64
		{CD08E03E-AA9B-4691-B2F1-A63197C89420}.Release|Any CPU.Build.0 = Release|x64
		{CD08E03E-AA9B-4691-B2F1-A63197C89420}.Release|x64.ActiveCfg = Release|x64
		{CD08E03E-AA9B-4691-B2F1-A63197C89420}.Release|x64.Build.0 = Release|x64
		{CD08E03E-AA9B-4691-B2F1-A63197C89420}.Release|x86.ActiveCfg = Release|Win32
		{CD08E03E-AA9B-4691-B2F1-A63197C89420}.Release|x86.Build.0 = Release|Win32
		{5CE81930-2049-4E6F-9CCD-9C7DEC0D33A9}.Debug|Any CPU.ActiveCfg = Debug|Any CPU
		{5CE81930-2049-4E6F-9CCD-9C7DEC0D33A9}.Debug|Any CPU.Build.0 = Debug|Any CPU
		{5CE81930-2049-4E6F-9CCD-9C7DEC0D33A9}.Debug|x64.ActiveCfg = Debug|Any CPU
		{5CE81930-2049-4E6F-9CCD-9C7DEC0D33A9}.Debug|x64.Build.0 = Debug|Any CPU
		{5CE81930-2049-4E6F-9CCD-9C7DEC0D33A9}.Debug|x86.ActiveCfg = Debug|Any CPU
		{5CE81930-2049-4E6F-9CCD-9C7DEC0D33A9}.Debug|x86.Build.0 = Debug|Any CPU
		{5CE81930-2049-4E6F-9CCD-9C7DEC0D33A9}.Release|Any CPU.ActiveCfg = Release|Any CPU
		{5CE81930-2049-4E6F-9CCD-9C7DEC0D33A9}.Release|Any CPU.Build.0 = Release|Any CPU
		{5CE81930-2049-4E6F-9CCD-9C7DEC0D33A9}.Release|x64.ActiveCfg = Release|Any CPU
		{5CE81930-2049-4E6F-9CCD-9C7DEC0D33A9}.Release|x64.Build.0 = Release|Any CPU
		{5CE81930-2049-4E6F-9CCD-9C7DEC0D33A9}.Release|x86.ActiveCfg = Release|Any CPU
		{5CE81930-2049-4E6F-9CCD-9C7DEC0D33A9}.Release|x86.Build.0 = Release|Any CPU
		{8DD5A458-448E-4F92-93A2-C35AF6D59921}.Debug|Any CPU.ActiveCfg = Debug|x64
		{8DD5A458-448E-4F92-93A2-C35AF6D59921}.Debug|Any CPU.Build.0 = Debug|x64
		{8DD5A458-448E-4F92-93A2-C35AF6D59921}.Debug|x64.ActiveCfg = Debug|x64
		{8DD5A458-448E-4F92-93A2-C35AF6D59921}.Debug|x64.Build.0 = Debug|x64
		{8DD5A458-448E-4F92-93A2-C35AF6D59921}.Debug|x86.ActiveCfg = Debug|Win32
		{8DD5A458-448E-4F92-93A2-C35AF6D59921}.Debug|x86.Build.0 = Debug|Win32
		{8DD5A458-448E-4F92-93A2-C35AF6D59921}.Release|Any CPU.ActiveCfg = Release|x64
		{8DD5A458-448E-4F92-93A2-C35AF6D59921}.Release|Any CPU.Build.0 = Release|x64
		{8DD5A458-448E-4F92-93A2-C35AF6D59921}.Release|x64.ActiveCfg = Release|x64
		{8DD5A458-448E-4F92-93A2-C35AF6D59921}.Release|x64.Build.0 = Release|x64
		{8DD5A458-448E-4F92-93A2-C35AF6D59921}.Release|x86.ActiveCfg = Release|Win32
		{8DD5A458-448E-4F92-93A2-C35AF6D59921}.Release|x86.Build.0 = Release|Win32
		{EA86B045-7B6D-498F-951F-45C5DE28E0B7}.Debug|Any CPU.ActiveCfg = Debug|Any CPU
		{EA86B045-7B6D-498F-951F-45C5DE28E0B7}.Debug|Any CPU.Build.0 = Debug|Any CPU
		{EA86B045-7B6D-498F-951F-45C5DE28E0B7}.Debug|x64.ActiveCfg = Debug|Any CPU
		{EA86B045-7B6D-498F-951F-45C5DE28E0B7}.Debug|x64.Build.0 = Debug|Any CPU
		{EA86B045-7B6D-498F-951F-45C5DE28E0B7}.Debug|x86.ActiveCfg = Debug|Any CPU
		{EA86B045-7B6D-498F-951F-45C5DE28E0B7}.Debug|x86.Build.0 = Debug|Any CPU
		{EA86B045-7B6D-498F-951F-45C5DE28E0B7}.Release|Any CPU.ActiveCfg = Release|Any CPU
		{EA86B045-7B6D-498F-951F-45C5DE28E0B7}.Release|Any CPU.Build.0 = Release|Any CPU
		{EA86B045-7B6D-498F-951F-45C5DE28E0B7}.Release|x64.ActiveCfg = Release|Any CPU
		{EA86B045-7B6D-498F-951F-45C5DE28E0B7}.Release|x64.Build.0 = Release|Any CPU
		{EA86B045-7B6D-498F-951F-45C5DE28E0B7}.Release|x86.ActiveCfg = Release|Any CPU
		{EA86B045-7B6D-498F-951F-45C5DE28E0B7}.Release|x86.Build.0 = Release|Any CPU
		{D6A12F48-F24D-48AA-8B32-85037FA28E96}.Debug|Any CPU.ActiveCfg = Debug|Any CPU
		{D6A12F48-F24D-48AA-8B32-85037FA28E96}.Debug|Any CPU.Build.0 = Debug|Any CPU
		{D6A12F48-F24D-48AA-8B32-85037FA28E96}.Debug|x64.ActiveCfg = Debug|Any CPU
		{D6A12F48-F24D-48AA-8B32-85037FA28E96}.Debug|x64.Build.0 = Debug|Any CPU
		{D6A12F48-F24D-48AA-8B32-85037FA28E96}.Debug|x86.ActiveCfg = Debug|Any CPU
		{D6A12F48-F24D-48AA-8B32-85037FA28E96}.Debug|x86.Build.0 = Debug|Any CPU
		{D6A12F48-F24D-48AA-8B32-85037FA28E96}.Release|Any CPU.ActiveCfg = Release|Any CPU
		{D6A12F48-F24D-48AA-8B32-85037FA28E96}.Release|Any CPU.Build.0 = Release|Any CPU
		{D6A12F48-F24D-48AA-8B32-85037FA28E96}.Release|x64.ActiveCfg = Release|Any CPU
		{D6A12F48-F24D-48AA-8B32-85037FA28E96}.Release|x64.Build.0 = Release|Any CPU
		{D6A12F48-F24D-48AA-8B32-85037FA28E96}.Release|x86.ActiveCfg = Release|Any CPU
		{D6A12F48-F24D-48AA-8B32-85037FA28E96}.Release|x86.Build.0 = Release|Any CPU
		{B74FB4B6-21E5-4E3A-8F9A-B98C3ABF6A9A}.Debug|Any CPU.ActiveCfg = Debug|x64
		{B74FB4B6-21E5-4E3A-8F9A-B98C3ABF6A9A}.Debug|Any CPU.Build.0 = Debug|x64
		{B74FB4B6-21E5-4E3A-8F9A-B98C3ABF6A9A}.Debug|x64.ActiveCfg = Debug|x64
		{B74FB4B6-21E5-4E3A-8F9A-B98C3ABF6A9A}.Debug|x64.Build.0 = Debug|x64
		{B74FB4B6-21E5-4E3A-8F9A-B98C3ABF6A9A}.Debug|x86.ActiveCfg = Debug|Win32
		{B74FB4B6-21E5-4E3A-8F9A-B98C3ABF6A9A}.Debug|x86.Build.0 = Debug|Win32
		{B74FB4B6-21E5-4E3A-8F9A-B98C3ABF6A9A}.Release|Any CPU.ActiveCfg = Release|x64
		{B74FB4B6-21E5-4E3A-8F9A-B98C3ABF6A9A}.Release|Any CPU.Build.0 = Release|x64
		{B74FB4B6-21E5-4E3A-8F9A-B98C3ABF6A9A}.Release|x64.ActiveCfg = Release|x64
		{B74FB4B6-21E5-4E3A-8F9A-B98C3ABF6A9A}.Release|x64.Build.0 = Release|x64
		{B74FB4B6-21E5-4E3A-8F9A-B98C3ABF6A9A}.Release|x86.ActiveCfg = Release|Win32
		{B74FB4B6-21E5-4E3A-8F9A-B98C3ABF6A9A}.Release|x86.Build.0 = Release|Win32
		{2A3301F1-C60E-4DE3-8120-3A85DBA45D2D}.Debug|Any CPU.ActiveCfg = Debug|Any CPU
		{2A3301F1-C60E-4DE3-8120-3A85DBA45D2D}.Debug|Any CPU.Build.0 = Debug|Any CPU
		{2A3301F1-C60E-4DE3-8120-3A85DBA45D2D}.Debug|x64.ActiveCfg = Debug|Any CPU
		{2A3301F1-C60E-4DE3-8120-3A85DBA45D2D}.Debug|x64.Build.0 = Debug|Any CPU
		{2A3301F1-C60E-4DE3-8120-3A85DBA45D2D}.Debug|x86.ActiveCfg = Debug|Any CPU
		{2A3301F1-C60E-4DE3-8120-3A85DBA45D2D}.Debug|x86.Build.0 = Debug|Any CPU
		{2A3301F1-C60E-4DE3-8120-3A85DBA45D2D}.Release|Any CPU.ActiveCfg = Release|Any CPU
		{2A3301F1-C60E-4DE3-8120-3A85DBA45D2D}.Release|Any CPU.Build.0 = Release|Any CPU
		{2A3301F1-C60E-4DE3-8120-3A85DBA45D2D}.Release|x64.ActiveCfg = Release|Any CPU
		{2A3301F1-C60E-4DE3-8120-3A85DBA45D2D}.Release|x64.Build.0 = Release|Any CPU
		{2A3301F1-C60E-4DE3-8120-3A85DBA45D2D}.Release|x86.ActiveCfg = Release|Any CPU
		{2A3301F1-C60E-4DE3-8120-3A85DBA45D2D}.Release|x86.Build.0 = Release|Any CPU
		{0220ADCF-1F0F-4F0B-A32D-C68CCA8882D3}.Debug|Any CPU.ActiveCfg = Debug|Any CPU
		{0220ADCF-1F0F-4F0B-A32D-C68CCA8882D3}.Debug|Any CPU.Build.0 = Debug|Any CPU
		{0220ADCF-1F0F-4F0B-A32D-C68CCA8882D3}.Debug|x64.ActiveCfg = Debug|Any CPU
		{0220ADCF-1F0F-4F0B-A32D-C68CCA8882D3}.Debug|x64.Build.0 = Debug|Any CPU
		{0220ADCF-1F0F-4F0B-A32D-C68CCA8882D3}.Debug|x86.ActiveCfg = Debug|Any CPU
		{0220ADCF-1F0F-4F0B-A32D-C68CCA8882D3}.Debug|x86.Build.0 = Debug|Any CPU
		{0220ADCF-1F0F-4F0B-A32D-C68CCA8882D3}.Release|Any CPU.ActiveCfg = Release|Any CPU
		{0220ADCF-1F0F-4F0B-A32D-C68CCA8882D3}.Release|Any CPU.Build.0 = Release|Any CPU
		{0220ADCF-1F0F-4F0B-A32D-C68CCA8882D3}.Release|x64.ActiveCfg = Release|Any CPU
		{0220ADCF-1F0F-4F0B-A32D-C68CCA8882D3}.Release|x64.Build.0 = Release|Any CPU
		{0220ADCF-1F0F-4F0B-A32D-C68CCA8882D3}.Release|x86.ActiveCfg = Release|Any CPU
		{0220ADCF-1F0F-4F0B-A32D-C68CCA8882D3}.Release|x86.Build.0 = Release|Any CPU
	EndGlobalSection
	GlobalSection(SolutionProperties) = preSolution
		HideSolutionNode = FALSE
	EndGlobalSection
	GlobalSection(ExtensibilityGlobals) = postSolution
		SolutionGuid = {3D46AA85-362A-4AD1-B8E9-9C4740D40817}
	EndGlobalSection
EndGlobal
